
Microsoft Visual Studio Solution File, Format Version 12.00
# Visual Studio 14
VisualStudioVersion = 14.0.22609.0
MinimumVisualStudioVersion = 10.0.40219.1
Project("{2150E333-8FDC-42A3-9474-1A3956D46DE8}") = "src", "src", "{1A7B6F52-1572-4AA7-8ED7-6257F2F274A8}"
EndProject
Project("{2150E333-8FDC-42A3-9474-1A3956D46DE8}") = "tests", "tests", "{F28CFA7D-F2E2-44F4-BFC3-16C7332ED845}"
EndProject
Project("{2150E333-8FDC-42A3-9474-1A3956D46DE8}") = "Solution Items", "Solution Items", "{FA6D0E43-F3BD-4FBE-A3B0-06DB6D02927F}"
	ProjectSection(SolutionItems) = preProject
		.gitignore = .gitignore
		LICENSE = LICENSE
		README.md = README.md
	EndProjectSection
EndProject
Project("{FAE04EC0-301F-11D3-BF4B-00C04F79EFBC}") = "Engine", "src\Engine\Engine.csproj", "{AC2CC3BF-42B5-42A4-BB33-AEF4FA5F5081}"
EndProject
Project("{FAE04EC0-301F-11D3-BF4B-00C04F79EFBC}") = "Engine.Tests", "tests\Engine.Tests\Engine.Tests.csproj", "{105E0DCC-F70B-4CFB-9A87-8BD9294704F3}"
EndProject
Global
	GlobalSection(SolutionConfigurationPlatforms) = preSolution
		Debug|Any CPU = Debug|Any CPU
		Release|Any CPU = Release|Any CPU
	EndGlobalSection
	GlobalSection(ProjectConfigurationPlatforms) = postSolution
		{AC2CC3BF-42B5-42A4-BB33-AEF4FA5F5081}.Debug|Any CPU.ActiveCfg = Debug|Any CPU
		{AC2CC3BF-42B5-42A4-BB33-AEF4FA5F5081}.Debug|Any CPU.Build.0 = Debug|Any CPU
		{AC2CC3BF-42B5-42A4-BB33-AEF4FA5F5081}.Release|Any CPU.ActiveCfg = Release|Any CPU
		{AC2CC3BF-42B5-42A4-BB33-AEF4FA5F5081}.Release|Any CPU.Build.0 = Release|Any CPU
		{105E0DCC-F70B-4CFB-9A87-8BD9294704F3}.Debug|Any CPU.ActiveCfg = Debug|Any CPU
		{105E0DCC-F70B-4CFB-9A87-8BD9294704F3}.Debug|Any CPU.Build.0 = Debug|Any CPU
		{105E0DCC-F70B-4CFB-9A87-8BD9294704F3}.Release|Any CPU.ActiveCfg = Release|Any CPU
		{105E0DCC-F70B-4CFB-9A87-8BD9294704F3}.Release|Any CPU.Build.0 = Release|Any CPU
	EndGlobalSection
	GlobalSection(SolutionProperties) = preSolution
		HideSolutionNode = FALSE
	EndGlobalSection
	GlobalSection(NestedProjects) = preSolution
		{AC2CC3BF-42B5-42A4-BB33-AEF4FA5F5081} = {1A7B6F52-1572-4AA7-8ED7-6257F2F274A8}
		{105E0DCC-F70B-4CFB-9A87-8BD9294704F3} = {F28CFA7D-F2E2-44F4-BFC3-16C7332ED845}
	EndGlobalSection
EndGlobal
